{
  "object": {
    "pins": [
      {
        "package": "Alamofire",
        "repositoryURL": "https://github.com/Alamofire/Alamofire.git",
        "state": {
          "branch": null,
          "revision": "becd9a729a37bdbef5bc39dc3c702b99f9e3d046",
          "version": "5.2.2"
        }
      },
      {
        "package": "AlamofireImage",
        "repositoryURL": "https://github.com/Alamofire/AlamofireImage.git",
        "state": {
          "branch": null,
          "revision": "3e8edbeb75227f8542aa87f90240cf0424d6362f",
          "version": "4.1.0"
        }
      },
      {
        "package": "AnyCodable",
        "repositoryURL": "https://github.com/Flight-School/AnyCodable",
        "state": {
          "branch": null,
          "revision": "79b05a5da89557a4fa50647cc92488a3d9c3f478",
          "version": "0.3.0"
        }
      },
      {
        "package": "TTGSnackbar",
        "repositoryURL": "https://github.com/zekunyan/TTGSnackbar",
        "state": {
          "branch": null,
          "revision": "0160900f3e885022e333e5b66de427b14f8cc830",
          "version": "1.10.4"
        }
      }
    ]
  },
  "version": 1
}
